
Microsoft Visual Studio Solution File, Format Version 12.00
# Visual Studio Version 17
VisualStudioVersion = 17.0.31903.59
MinimumVisualStudioVersion = 10.0.40219.1
Project("{FAE04EC0-301F-11D3-BF4B-00C04F79EFBC}") = "IIS.NativeAOT", "IIS.NativeAOT\IIS.NativeAOT.csproj", "{E8C91941-BF6B-4220-AEC3-B4D7F896CA89}"
EndProject
Project("{FAE04EC0-301F-11D3-BF4B-00C04F79EFBC}") = "WebApplication1", "WebApplication1\WebApplication1.csproj", "{9E589BA4-0DD0-4A9F-9A24-328EC0CF06D8}"
EndProject
Global
	GlobalSection(SolutionConfigurationPlatforms) = preSolution
		Debug|Any CPU = Debug|Any CPU
		Release|Any CPU = Release|Any CPU
	EndGlobalSection
	GlobalSection(ProjectConfigurationPlatforms) = postSolution
		{E8C91941-BF6B-4220-AEC3-B4D7F896CA89}.Debug|Any CPU.ActiveCfg = Debug|Any CPU
		{E8C91941-BF6B-4220-AEC3-B4D7F896CA89}.Debug|Any CPU.Build.0 = Debug|Any CPU
		{E8C91941-BF6B-4220-AEC3-B4D7F896CA89}.Release|Any CPU.ActiveCfg = Release|Any CPU
		{E8C91941-BF6B-4220-AEC3-B4D7F896CA89}.Release|Any CPU.Build.0 = Release|Any CPU
		{9E589BA4-0DD0-4A9F-9A24-328EC0CF06D8}.Debug|Any CPU.ActiveCfg = Debug|Any CPU
		{9E589BA4-0DD0-4A9F-9A24-328EC0CF06D8}.Debug|Any CPU.Build.0 = Debug|Any CPU
		{9E589BA4-0DD0-4A9F-9A24-328EC0CF06D8}.Release|Any CPU.ActiveCfg = Release|Any CPU
		{9E589BA4-0DD0-4A9F-9A24-328EC0CF06D8}.Release|Any CPU.Build.0 = Release|Any CPU
	EndGlobalSection
	GlobalSection(SolutionProperties) = preSolution
		HideSolutionNode = FALSE
	EndGlobalSection
	GlobalSection(ExtensibilityGlobals) = postSolution
		SolutionGuid = {4EA5DF1C-4ABF-46A8-BBB0-4F6498567B8B}
	EndGlobalSection
EndGlobal
